<?xml version="1.0" encoding="utf-8"?>
<Project ToolsVersion="4.0" xmlns="http://schemas.microsoft.com/developer/msbuild/2003">
  <ItemGroup>
    <Filter Include="Source Files">
      <UniqueIdentifier>{4FC737F1-C7A5-4376-A066-2A32D752A2FF}</UniqueIdentifier>
      <Extensions>cpp;c;cc;cxx;def;odl;idl;hpj;bat;asm;asmx</Extensions>
    </Filter>
    <Filter Include="Header Files">
      <UniqueIdentifier>{93995380-89BD-4b04-88EB-625FBE52EBFB}</UniqueIdentifier>
      <Extensions>h;hh;hpp;hxx;hm;inl;inc;xsd</Extensions>
    </Filter>
    <Filter Include="Resource Files">
      <UniqueIdentifier>{67DA6AB6-F800-4c08-8B7A-83BB121AAD01}</UniqueIdentifier>
      <Extensions>qrc;rc;ico;cur;bmp;dlg;rc2;rct;bin;rgs;gif;jpg;jpeg;jpe;resx;tiff;tif;png;wav;mfcribbon-ms</Extensions>
    </Filter>
    <Filter Include="Form Files">
      <UniqueIdentifier>{99349809-55BA-4b9d-BF79-8FDBB0286EB3}</UniqueIdentifier>
      <Extensions>ui</Extensions>
    </Filter>
    <Filter Include="Translation Files">
      <UniqueIdentifier>{639EADAA-A684-42e4-A9AD-28FC9BCB8F7C}</UniqueIdentifier>
      <Extensions>ts</Extensions>
    </Filter>
    <Filter Include="Source Files\dodaj">
      <UniqueIdentifier>{883ece43-b833-48d9-80fc-9b1ec07fb529}</UniqueIdentifier>
    </Filter>
    <Filter Include="Source Files\edytuj">
      <UniqueIdentifier>{2698f7cf-ccb4-404c-a227-677eadb19253}</UniqueIdentifier>
    </Filter>
    <Filter Include="Source Files\model">
      <UniqueIdentifier>{310b065d-9ebe-443e-9e06-5626601f5d46}</UniqueIdentifier>
    </Filter>
    <Filter Include="Header Files\dodaj">
      <UniqueIdentifier>{9226d011-881f-411e-aaaf-6be656912167}</UniqueIdentifier>
    </Filter>
    <Filter Include="Header Files\edytuj">
      <UniqueIdentifier>{d1dac054-16ff-4182-a058-db02c28f51c9}</UniqueIdentifier>
    </Filter>
    <Filter Include="Header Files\model">
      <UniqueIdentifier>{c5a6fdf7-884d-49fa-9895-0244232b8abf}</UniqueIdentifier>
    </Filter>
  </ItemGroup>
  <ItemGroup>
    <QtRcc Include="Sklepzelektronika.qrc">
      <Filter>Resource Files</Filter>
    </QtRcc>
  </ItemGroup>
  <ItemGroup>
    <ClCompile Include="main.cpp">
      <Filter>Source Files</Filter>
    </ClCompile>
    <ClCompile Include="aplikacja_sklepu.cpp">
      <Filter>Source Files</Filter>
    </ClCompile>
    <ClCompile Include="bazadanych.cpp">
      <Filter>Source Files</Filter>
    </ClCompile>
    <ClCompile Include="sha256.cpp">
      <Filter>Source Files</Filter>
    </ClCompile>
    <ClCompile Include="Dodaj_klienta.cpp">
      <Filter>Source Files\dodaj</Filter>
    </ClCompile>
    <ClCompile Include="dodaj_pracownika.cpp">
      <Filter>Source Files\dodaj</Filter>
    </ClCompile>
    <ClCompile Include="dodaj_towar.cpp">
      <Filter>Source Files\dodaj</Filter>
    </ClCompile>
    <ClCompile Include="edytuj_klienta.cpp">
      <Filter>Source Files\edytuj</Filter>
    </ClCompile>
    <ClCompile Include="edytuj_pracownika.cpp">
      <Filter>Source Files\edytuj</Filter>
    </ClCompile>
    <ClCompile Include="edytuj_towar.cpp">
      <Filter>Source Files\edytuj</Filter>
    </ClCompile>
    <ClCompile Include="model_transakcje.cpp">
      <Filter>Source Files\model</Filter>
    </ClCompile>
    <ClCompile Include="Model.cpp">
      <Filter>Source Files\model</Filter>
    </ClCompile>
    <ClCompile Include="model_klienci.cpp">
      <Filter>Source Files\model</Filter>
    </ClCompile>
    <ClCompile Include="model_towar.cpp">
      <Filter>Source Files\model</Filter>
    </ClCompile>
    <ClCompile Include="dodaj_kategorie.cpp">
      <Filter>Source Files\dodaj</Filter>
    </ClCompile>
  </ItemGroup>
  <ItemGroup>
    <QtUic Include="aplikacja_sklepu.ui">
      <Filter>Form Files</Filter>
    </QtUic>
    <QtUic Include="Dodaj_klienta.ui">
      <Filter>Form Files</Filter>
    </QtUic>
    <QtUic Include="edytuj_klienta.ui">
      <Filter>Form Files</Filter>
    </QtUic>
    <QtUic Include="edytuj_towar.ui">
      <Filter>Form Files</Filter>
    </QtUic>
    <QtUic Include="edytuj_pracownika.ui">
      <Filter>Form Files</Filter>
    </QtUic>
    <QtUic Include="dodaj_pracownika.ui">
      <Filter>Form Files</Filter>
    </QtUic>
    <QtUic Include="dodaj_towar.ui">
      <Filter>Form Files</Filter>
    </QtUic>
    <QtUic Include="dodaj_kategorie.ui">
      <Filter>Form Files</Filter>
    </QtUic>
  </ItemGroup>
  <ItemGroup>
    <QtMoc Include="aplikacja_sklepu.h">
      <Filter>Header Files</Filter>
    </QtMoc>
    <QtMoc Include="Dodaj_klienta.h">
      <Filter>Header Files\dodaj</Filter>
    </QtMoc>
    <QtMoc Include="dodaj_pracownika.h">
      <Filter>Header Files\dodaj</Filter>
    </QtMoc>
    <QtMoc Include="dodaj_towar.h">
      <Filter>Header Files\dodaj</Filter>
    </QtMoc>
    <QtMoc Include="edytuj_klienta.h">
      <Filter>Header Files\edytuj</Filter>
    </QtMoc>
    <QtMoc Include="edytuj_pracownika.h">
      <Filter>Header Files\edytuj</Filter>
    </QtMoc>
    <QtMoc Include="edytuj_towar.h">
      <Filter>Header Files\edytuj</Filter>
    </QtMoc>
    <QtMoc Include="Model.h">
      <Filter>Header Files\model</Filter>
    </QtMoc>
    <QtMoc Include="model_klienci.h">
      <Filter>Header Files\model</Filter>
    </QtMoc>
    <QtMoc Include="model_towar.h">
      <Filter>Header Files\model</Filter>
    </QtMoc>
    <QtMoc Include="model_transakcje.h">
      <Filter>Header Files\model</Filter>
    </QtMoc>
    <QtMoc Include="dodaj_kategorie.h">
      <Filter>Header Files\dodaj</Filter>
    </QtMoc>
  </ItemGroup>
  <ItemGroup>
    <ClInclude Include="bazadanych.h">
      <Filter>Header Files</Filter>
    </ClInclude>
    <ClInclude Include="sha256.h">
      <Filter>Header Files</Filter>
    </ClInclude>
  </ItemGroup>
  <ItemGroup>
    <None Include="cpp.hint" />
  </ItemGroup>
</Project>